// !$*UTF8*$!
{
	archiveVersion = 1;
	classes = {
	};
	objectVersion = 55;
	objects = {

/* Begin PBXBuildFile section */
		020E14442889CD390004C4A0 /* AppDelegate.swift in Sources */ = {isa = PBXBuildFile; fileRef = 020E14432889CD390004C4A0 /* AppDelegate.swift */; };
		020E14462889CD390004C4A0 /* SceneDelegate.swift in Sources */ = {isa = PBXBuildFile; fileRef = 020E14452889CD390004C4A0 /* SceneDelegate.swift */; };
		020E14482889CD390004C4A0 /* ViewController.swift in Sources */ = {isa = PBXBuildFile; fileRef = 020E14472889CD390004C4A0 /* ViewController.swift */; };
		020E144B2889CD390004C4A0 /* Main.storyboard in Resources */ = {isa = PBXBuildFile; fileRef = 020E14492889CD390004C4A0 /* Main.storyboard */; };
		020E144D2889CD3B0004C4A0 /* Assets.xcassets in Resources */ = {isa = PBXBuildFile; fileRef = 020E144C2889CD3B0004C4A0 /* Assets.xcassets */; };
		020E14502889CD3B0004C4A0 /* LaunchScreen.storyboard in Resources */ = {isa = PBXBuildFile; fileRef = 020E144E2889CD3B0004C4A0 /* LaunchScreen.storyboard */; };
		020E14582889CEA30004C4A0 /* TheFirstGame.swift in Sources */ = {isa = PBXBuildFile; fileRef = 020E14572889CEA30004C4A0 /* TheFirstGame.swift */; };
		02A7B160288C013200FD31DF /* TheSecondGame.swift in Sources */ = {isa = PBXBuildFile; fileRef = 02A7B15F288C013200FD31DF /* TheSecondGame.swift */; };
		02A7B162288C014300FD31DF /* TheThirdGame.swift in Sources */ = {isa = PBXBuildFile; fileRef = 02A7B161288C014300FD31DF /* TheThirdGame.swift */; };
/* End PBXBuildFile section */

/* Begin PBXFileReference section */
		020E14402889CD390004C4A0 /* HomeWork6_Karina.app */ = {isa = PBXFileReference; explicitFileType = wrapper.application; includeInIndex = 0; path = HomeWork6_Karina.app; sourceTree = BUILT_PRODUCTS_DIR; };
		020E14432889CD390004C4A0 /* AppDelegate.swift */ = {isa = PBXFileReference; lastKnownFileType = sourcecode.swift; path = AppDelegate.swift; sourceTree = "<group>"; };
		020E14452889CD390004C4A0 /* SceneDelegate.swift */ = {isa = PBXFileReference; lastKnownFileType = sourcecode.swift; path = SceneDelegate.swift; sourceTree = "<group>"; };
		020E14472889CD390004C4A0 /* ViewController.swift */ = {isa = PBXFileReference; lastKnownFileType = sourcecode.swift; path = ViewController.swift; sourceTree = "<group>"; };
		020E144A2889CD390004C4A0 /* Base */ = {isa = PBXFileReference; lastKnownFileType = file.storyboard; name = Base; path = Base.lproj/Main.storyboard; sourceTree = "<group>"; };
		020E144C2889CD3B0004C4A0 /* Assets.xcassets */ = {isa = PBXFileReference; lastKnownFileType = folder.assetcatalog; path = Assets.xcassets; sourceTree = "<group>"; };
		020E144F2889CD3B0004C4A0 /* Base */ = {isa = PBXFileReference; lastKnownFileType = file.storyboard; name = Base; path = Base.lproj/LaunchScreen.storyboard; sourceTree = "<group>"; };
		020E14512889CD3B0004C4A0 /* Info.plist */ = {isa = PBXFileReference; lastKnownFileType = text.plist.xml; path = Info.plist; sourceTree = "<group>"; };
		020E14572889CEA30004C4A0 /* TheFirstGame.swift */ = {isa = PBXFileReference; lastKnownFileType = sourcecode.swift; path = TheFirstGame.swift; sourceTree = "<group>"; };
		02A7B15F288C013200FD31DF /* TheSecondGame.swift */ = {isa = PBXFileReference; lastKnownFileType = sourcecode.swift; path = TheSecondGame.swift; sourceTree = "<group>"; };
		02A7B161288C014300FD31DF /* TheThirdGame.swift */ = {isa = PBXFileReference; lastKnownFileType = sourcecode.swift; path = TheThirdGame.swift; sourceTree = "<group>"; };
/* End PBXFileReference section */

/* Begin PBXFrameworksBuildPhase section */
		020E143D2889CD390004C4A0 /* Frameworks */ = {
			isa = PBXFrameworksBuildPhase;
			buildActionMask = 2147483647;
			files = (
			);
			runOnlyForDeploymentPostprocessing = 0;
		};
/* End PBXFrameworksBuildPhase section */

/* Begin PBXGroup section */
		020E14372889CD390004C4A0 = {
			isa = PBXGroup;
			children = (
				020E14422889CD390004C4A0 /* HomeWork6_Karina */,
				020E14412889CD390004C4A0 /* Products */,
			);
			sourceTree = "<group>";
		};
		020E14412889CD390004C4A0 /* Products */ = {
			isa = PBXGroup;
			children = (
				020E14402889CD390004C4A0 /* HomeWork6_Karina.app */,
			);
			name = Products;
			sourceTree = "<group>";
		};
		020E14422889CD390004C4A0 /* HomeWork6_Karina */ = {
			isa = PBXGroup;
			children = (
				020E14432889CD390004C4A0 /* AppDelegate.swift */,
				020E14452889CD390004C4A0 /* SceneDelegate.swift */,
				020E14492889CD390004C4A0 /* Main.storyboard */,
				020E14472889CD390004C4A0 /* ViewController.swift */,
				020E14572889CEA30004C4A0 /* TheFirstGame.swift */,
				02A7B15F288C013200FD31DF /* TheSecondGame.swift */,
				02A7B161288C014300FD31DF /* TheThirdGame.swift */,
				020E144C2889CD3B0004C4A0 /* Assets.xcassets */,
				020E144E2889CD3B0004C4A0 /* LaunchScreen.storyboard */,
				020E14512889CD3B0004C4A0 /* Info.plist */,
			);
			path = HomeWork6_Karina;
			sourceTree = "<group>";
		};
/* End PBXGroup section */

/* Begin PBXNativeTarget section */
		020E143F2889CD390004C4A0 /* HomeWork6_Karina */ = {
			isa = PBXNativeTarget;
			buildConfigurationList = 020E14542889CD3B0004C4A0 /* Build configuration list for PBXNativeTarget "HomeWork6_Karina" */;
			buildPhases = (
				020E143C2889CD390004C4A0 /* Sources */,
				020E143D2889CD390004C4A0 /* Frameworks */,
				020E143E2889CD390004C4A0 /* Resources */,
			);
			buildRules = (
			);
			dependencies = (
			);
			name = HomeWork6_Karina;
			productName = HomeWork6_Karina;
			productReference = 020E14402889CD390004C4A0 /* HomeWork6_Karina.app */;
			productType = "com.apple.product-type.application";
		};
/* End PBXNativeTarget section */

/* Begin PBXProject section */
		020E14382889CD390004C4A0 /* Project object */ = {
			isa = PBXProject;
			attributes = {
				BuildIndependentTargetsInParallel = 1;
				LastSwiftUpdateCheck = 1300;
				LastUpgradeCheck = 1300;
				TargetAttributes = {
					020E143F2889CD390004C4A0 = {
						CreatedOnToolsVersion = 13.0;
					};
				};
			};
			buildConfigurationList = 020E143B2889CD390004C4A0 /* Build configuration list for PBXProject "HomeWork6_Karina" */;
			compatibilityVersion = "Xcode 13.0";
			developmentRegion = en;
			hasScannedForEncodings = 0;
			knownRegions = (
				en,
				Base,
			);
			mainGroup = 020E14372889CD390004C4A0;
			productRefGroup = 020E14412889CD390004C4A0 /* Products */;
			projectDirPath = "";
			projectRoot = "";
			targets = (
				020E143F2889CD390004C4A0 /* HomeWork6_Karina */,
			);
		};
/* End PBXProject section */

/* Begin PBXResourcesBuildPhase section */
		020E143E2889CD390004C4A0 /* Resources */ = {
			isa = PBXResourcesBuildPhase;
			buildActionMask = 2147483647;
			files = (
				020E14502889CD3B0004C4A0 /* LaunchScreen.storyboard in Resources */,
				020E144D2889CD3B0004C4A0 /* Assets.xcassets in Resources */,
				020E144B2889CD390004C4A0 /* Main.storyboard in Resources */,
			);
			runOnlyForDeploymentPostprocessing = 0;
		};
/* End PBXResourcesBuildPhase section */

/* Begin PBXSourcesBuildPhase section */
		020E143C2889CD390004C4A0 /* Sources */ = {
			isa = PBXSourcesBuildPhase;
			buildActionMask = 2147483647;
			files = (
				020E14582889CEA30004C4A0 /* TheFirstGame.swift in Sources */,
				020E14482889CD390004C4A0 /* ViewController.swift in Sources */,
				020E14442889CD390004C4A0 /* AppDelegate.swift in Sources */,
				02A7B160288C013200FD31DF /* TheSecondGame.swift in Sources */,
				020E14462889CD390004C4A0 /* SceneDelegate.swift in Sources */,
				02A7B162288C014300FD31DF /* TheThirdGame.swift in Sources */,
			);
			runOnlyForDeploymentPostprocessing = 0;
		};
/* End PBXSourcesBuildPhase section */

/* Begin PBXVariantGroup section */
		020E14492889CD390004C4A0 /* Main.storyboard */ = {
			isa = PBXVariantGroup;
			children = (
				020E144A2889CD390004C4A0 /* Base */,
			);
			name = Main.storyboard;
			sourceTree = "<group>";
		};
		020E144E2889CD3B0004C4A0 /* LaunchScreen.storyboard */ = {
			isa = PBXVariantGroup;
			children = (
				020E144F2889CD3B0004C4A0 /* Base */,
			);
			name = LaunchScreen.storyboard;
			sourceTree = "<group>";
		};
/* End PBXVariantGroup section */

/* Begin XCBuildConfiguration section */
		020E14522889CD3B0004C4A0 /* Debug */ = {
			isa = XCBuildConfiguration;
			buildSettings = {
				ALWAYS_SEARCH_USER_PATHS = NO;
				CLANG_ANALYZER_NONNULL = YES;
				CLANG_ANALYZER_NUMBER_OBJECT_CONVERSION = YES_AGGRESSIVE;
				CLANG_CXX_LANGUAGE_STANDARD = "gnu++17";
				CLANG_CXX_LIBRARY = "libc++";
				CLANG_ENABLE_MODULES = YES;
				CLANG_ENABLE_OBJC_ARC = YES;
				CLANG_ENABLE_OBJC_WEAK = YES;
				CLANG_WARN_BLOCK_CAPTURE_AUTORELEASING = YES;
				CLANG_WARN_BOOL_CONVERSION = YES;
				CLANG_WARN_COMMA = YES;
				CLANG_WARN_CONSTANT_CONVERSION = YES;
				CLANG_WARN_DEPRECATED_OBJC_IMPLEMENTATIONS = YES;
				CLANG_WARN_DIRECT_OBJC_ISA_USAGE = YES_ERROR;
				CLANG_WARN_DOCUMENTATION_COMMENTS = YES;
				CLANG_WARN_EMPTY_BODY = YES;
				CLANG_WARN_ENUM_CONVERSION = YES;
				CLANG_WARN_INFINITE_RECURSION = YES;
				CLANG_WARN_INT_CONVERSION = YES;
				CLANG_WARN_NON_LITERAL_NULL_CONVERSION = YES;
				CLANG_WARN_OBJC_IMPLICIT_RETAIN_SELF = YES;
				CLANG_WARN_OBJC_LITERAL_CONVERSION = YES;
				CLANG_WARN_OBJC_ROOT_CLASS = YES_ERROR;
				CLANG_WARN_QUOTED_INCLUDE_IN_FRAMEWORK_HEADER = YES;
				CLANG_WARN_RANGE_LOOP_ANALYSIS = YES;
				CLANG_WARN_STRICT_PROTOTYPES = YES;
				CLANG_WARN_SUSPICIOUS_MOVE = YES;
				CLANG_WARN_UNGUARDED_AVAILABILITY = YES_AGGRESSIVE;
				CLANG_WARN_UNREACHABLE_CODE = YES;
				CLANG_WARN__DUPLICATE_METHOD_MATCH = YES;
				COPY_PHASE_STRIP = NO;
				DEBUG_INFORMATION_FORMAT = dwarf;
				ENABLE_STRICT_OBJC_MSGSEND = YES;
				ENABLE_TESTABILITY = YES;
				GCC_C_LANGUAGE_STANDARD = gnu11;
				GCC_DYNAMIC_NO_PIC = NO;
				GCC_NO_COMMON_BLOCKS = YES;
				GCC_OPTIMIZATION_LEVEL = 0;
				GCC_PREPROCESSOR_DEFINITIONS = (
					"DEBUG=1",
					"$(inherited)",
				);
				GCC_WARN_64_TO_32_BIT_CONVERSION = YES;
				GCC_WARN_ABOUT_RETURN_TYPE = YES_ERROR;
				GCC_WARN_UNDECLARED_SELECTOR = YES;
				GCC_WARN_UNINITIALIZED_AUTOS = YES_AGGRESSIVE;
				GCC_WARN_UNUSED_FUNCTION = YES;
				GCC_WARN_UNUSED_VARIABLE = YES;
				IPHONEOS_DEPLOYMENT_TARGET = 15.0;
				MTL_ENABLE_DEBUG_INFO = INCLUDE_SOURCE;
				MTL_FAST_MATH = YES;
				ONLY_ACTIVE_ARCH = YES;
				SDKROOT = iphoneos;
				SWIFT_ACTIVE_COMPILATION_CONDITIONS = DEBUG;
				SWIFT_OPTIMIZATION_LEVEL = "-Onone";
			};
			name = Debug;
		};
		020E14532889CD3B0004C4A0 /* Release */ = {
			isa = XCBuildConfiguration;
			buildSettings = {
				ALWAYS_SEARCH_USER_PATHS = NO;
				CLANG_ANALYZER_NONNULL = YES;
				CLANG_ANALYZER_NUMBER_OBJECT_CONVERSION = YES_AGGRESSIVE;
				CLANG_CXX_LANGUAGE_STANDARD = "gnu++17";
				CLANG_CXX_LIBRARY = "libc++";
				CLANG_ENABLE_MODULES = YES;
				CLANG_ENABLE_OBJC_ARC = YES;
				CLANG_ENABLE_OBJC_WEAK = YES;
				CLANG_WARN_BLOCK_CAPTURE_AUTORELEASING = YES;
				CLANG_WARN_BOOL_CONVERSION = YES;
				CLANG_WARN_COMMA = YES;
				CLANG_WARN_CONSTANT_CONVERSION = YES;
				CLANG_WARN_DEPRECATED_OBJC_IMPLEMENTATIONS = YES;
				CLANG_WARN_DIRECT_OBJC_ISA_USAGE = YES_ERROR;
				CLANG_WARN_DOCUMENTATION_COMMENTS = YES;
				CLANG_WARN_EMPTY_BODY = YES;
				CLANG_WARN_ENUM_CONVERSION = YES;
				CLANG_WARN_INFINITE_RECURSION = YES;
				CLANG_WARN_INT_CONVERSION = YES;
				CLANG_WARN_NON_LITERAL_NULL_CONVERSION = YES;
				CLANG_WARN_OBJC_IMPLICIT_RETAIN_SELF = YES;
				CLANG_WARN_OBJC_LITERAL_CONVERSION = YES;
				CLANG_WARN_OBJC_ROOT_CLASS = YES_ERROR;
				CLANG_WARN_QUOTED_INCLUDE_IN_FRAMEWORK_HEADER = YES;
				CLANG_WARN_RANGE_LOOP_ANALYSIS = YES;
				CLANG_WARN_STRICT_PROTOTYPES = YES;
				CLANG_WARN_SUSPICIOUS_MOVE = YES;
				CLANG_WARN_UNGUARDED_AVAILABILITY = YES_AGGRESSIVE;
				CLANG_WARN_UNREACHABLE_CODE = YES;
				CLANG_WARN__DUPLICATE_METHOD_MATCH = YES;
				COPY_PHASE_STRIP = NO;
				DEBUG_INFORMATION_FORMAT = "dwarf-with-dsym";
				ENABLE_NS_ASSERTIONS = NO;
				ENABLE_STRICT_OBJC_MSGSEND = YES;
				GCC_C_LANGUAGE_STANDARD = gnu11;
				GCC_NO_COMMON_BLOCKS = YES;
				GCC_WARN_64_TO_32_BIT_CONVERSION = YES;
				GCC_WARN_ABOUT_RETURN_TYPE = YES_ERROR;
				GCC_WARN_UNDECLARED_SELECTOR = YES;
				GCC_WARN_UNINITIALIZED_AUTOS = YES_AGGRESSIVE;
				GCC_WARN_UNUSED_FUNCTION = YES;
				GCC_WARN_UNUSED_VARIABLE = YES;
				IPHONEOS_DEPLOYMENT_TARGET = 15.0;
				MTL_ENABLE_DEBUG_INFO = NO;
				MTL_FAST_MATH = YES;
				SDKROOT = iphoneos;
				SWIFT_COMPILATION_MODE = wholemodule;
				SWIFT_OPTIMIZATION_LEVEL = "-O";
				VALIDATE_PRODUCT = YES;
			};
			name = Release;
		};
		020E14552889CD3B0004C4A0 /* Debug */ = {
			isa = XCBuildConfiguration;
			buildSettings = {
				ASSETCATALOG_COMPILER_APPICON_NAME = AppIcon;
				ASSETCATALOG_COMPILER_GLOBAL_ACCENT_COLOR_NAME = AccentColor;
				CODE_SIGN_STYLE = Automatic;
				CURRENT_PROJECT_VERSION = 1;
				GENERATE_INFOPLIST_FILE = YES;
				INFOPLIST_FILE = HomeWork6_Karina/Info.plist;
				INFOPLIST_KEY_UIApplicationSupportsIndirectInputEvents = YES;
				INFOPLIST_KEY_UILaunchStoryboardName = LaunchScreen;
				INFOPLIST_KEY_UIMainStoryboardFile = Main;
				INFOPLIST_KEY_UISupportedInterfaceOrientations_iPad = "UIInterfaceOrientationPortrait UIInterfaceOrientationPortraitUpsideDown UIInterfaceOrientationLandscapeLeft UIInterfaceOrientationLandscapeRight";
				INFOPLIST_KEY_UISupportedInterfaceOrientations_iPhone = "UIInterfaceOrientationPortrait UIInterfaceOrientationLandscapeLeft UIInterfaceOrientationLandscapeRight";
				LD_RUNPATH_SEARCH_PATHS = (
					"$(inherited)",
					"@executable_path/Frameworks",
				);
				MARKETING_VERSION = 1.0;
				PRODUCT_BUNDLE_IDENTIFIER = "kk.HomeWork6-Karina";
				PRODUCT_NAME = "$(TARGET_NAME)";
				SWIFT_EMIT_LOC_STRINGS = YES;
				SWIFT_VERSION = 5.0;
				TARGETED_DEVICE_FAMILY = "1,2";
			};
			name = Debug;
		};
		020E14562889CD3B0004C4A0 /* Release */ = {
			isa = XCBuildConfiguration;
			buildSettings = {
				ASSETCATALOG_COMPILER_APPICON_NAME = AppIcon;
				ASSETCATALOG_COMPILER_GLOBAL_ACCENT_COLOR_NAME = AccentColor;
				CODE_SIGN_STYLE = Automatic;
				CURRENT_PROJECT_VERSION = 1;
				GENERATE_INFOPLIST_FILE = YES;
				INFOPLIST_FILE = HomeWork6_Karina/Info.plist;
				INFOPLIST_KEY_UIApplicationSupportsIndirectInputEvents = YES;
				INFOPLIST_KEY_UILaunchStoryboardName = LaunchScreen;
				INFOPLIST_KEY_UIMainStoryboardFile = Main;
				INFOPLIST_KEY_UISupportedInterfaceOrientations_iPad = "UIInterfaceOrientationPortrait UIInterfaceOrientationPortraitUpsideDown UIInterfaceOrientationLandscapeLeft UIInterfaceOrientationLandscapeRight";
				INFOPLIST_KEY_UISupportedInterfaceOrientations_iPhone = "UIInterfaceOrientationPortrait UIInterfaceOrientationLandscapeLeft UIInterfaceOrientationLandscapeRight";
				LD_RUNPATH_SEARCH_PATHS = (
					"$(inherited)",
					"@executable_path/Frameworks",
				);
				MARKETING_VERSION = 1.0;
				PRODUCT_BUNDLE_IDENTIFIER = "kk.HomeWork6-Karina";
				PRODUCT_NAME = "$(TARGET_NAME)";
				SWIFT_EMIT_LOC_STRINGS = YES;
				SWIFT_VERSION = 5.0;
				TARGETED_DEVICE_FAMILY = "1,2";
			};
			name = Release;
		};
/* End XCBuildConfiguration section */

/* Begin XCConfigurationList section */
		020E143B2889CD390004C4A0 /* Build configuration list for PBXProject "HomeWork6_Karina" */ = {
			isa = XCConfigurationList;
			buildConfigurations = (
				020E14522889CD3B0004C4A0 /* Debug */,
				020E14532889CD3B0004C4A0 /* Release */,
			);
			defaultConfigurationIsVisible = 0;
			defaultConfigurationName = Release;
		};
		020E14542889CD3B0004C4A0 /* Build configuration list for PBXNativeTarget "HomeWork6_Karina" */ = {
			isa = XCConfigurationList;
			buildConfigurations = (
				020E14552889CD3B0004C4A0 /* Debug */,
				020E14562889CD3B0004C4A0 /* Release */,
			);
			defaultConfigurationIsVisible = 0;
			defaultConfigurationName = Release;
		};
/* End XCConfigurationList section */
	};
	rootObject = 020E14382889CD390004C4A0 /* Project object */;
}
