// !$*UTF8*$!
{
	archiveVersion = 1;
	classes = {
	};
	objectVersion = 56;
	objects = {

/* Begin PBXBuildFile section */
		02546D1C29360E9000CBE304 /* AppDelegate.swift in Sources */ = {isa = PBXBuildFile; fileRef = 02546D1B29360E9000CBE304 /* AppDelegate.swift */; };
		02546D1E29360E9000CBE304 /* SceneDelegate.swift in Sources */ = {isa = PBXBuildFile; fileRef = 02546D1D29360E9000CBE304 /* SceneDelegate.swift */; };
		02546D2029360E9000CBE304 /* ViewController.swift in Sources */ = {isa = PBXBuildFile; fileRef = 02546D1F29360E9000CBE304 /* ViewController.swift */; };
		02546D2329360E9000CBE304 /* Main.storyboard in Resources */ = {isa = PBXBuildFile; fileRef = 02546D2129360E9000CBE304 /* Main.storyboard */; };
		02546D2529360E9200CBE304 /* Assets.xcassets in Resources */ = {isa = PBXBuildFile; fileRef = 02546D2429360E9200CBE304 /* Assets.xcassets */; };
		02546D2829360E9200CBE304 /* LaunchScreen.storyboard in Resources */ = {isa = PBXBuildFile; fileRef = 02546D2629360E9200CBE304 /* LaunchScreen.storyboard */; };
		02546D3029360F0900CBE304 /* Structs.swift in Sources */ = {isa = PBXBuildFile; fileRef = 02546D2F29360F0900CBE304 /* Structs.swift */; };
		02546D3229360FE300CBE304 /* Model.swift in Sources */ = {isa = PBXBuildFile; fileRef = 02546D3129360FE300CBE304 /* Model.swift */; };
		02546D35293618D400CBE304 /* SDWebImage in Frameworks */ = {isa = PBXBuildFile; productRef = 02546D34293618D400CBE304 /* SDWebImage */; };
/* End PBXBuildFile section */

/* Begin PBXFileReference section */
		02546D1829360E9000CBE304 /* HomeWork_API.app */ = {isa = PBXFileReference; explicitFileType = wrapper.application; includeInIndex = 0; path = HomeWork_API.app; sourceTree = BUILT_PRODUCTS_DIR; };
		02546D1B29360E9000CBE304 /* AppDelegate.swift */ = {isa = PBXFileReference; lastKnownFileType = sourcecode.swift; path = AppDelegate.swift; sourceTree = "<group>"; };
		02546D1D29360E9000CBE304 /* SceneDelegate.swift */ = {isa = PBXFileReference; lastKnownFileType = sourcecode.swift; path = SceneDelegate.swift; sourceTree = "<group>"; };
		02546D1F29360E9000CBE304 /* ViewController.swift */ = {isa = PBXFileReference; lastKnownFileType = sourcecode.swift; path = ViewController.swift; sourceTree = "<group>"; };
		02546D2229360E9000CBE304 /* Base */ = {isa = PBXFileReference; lastKnownFileType = file.storyboard; name = Base; path = Base.lproj/Main.storyboard; sourceTree = "<group>"; };
		02546D2429360E9200CBE304 /* Assets.xcassets */ = {isa = PBXFileReference; lastKnownFileType = folder.assetcatalog; path = Assets.xcassets; sourceTree = "<group>"; };
		02546D2729360E9200CBE304 /* Base */ = {isa = PBXFileReference; lastKnownFileType = file.storyboard; name = Base; path = Base.lproj/LaunchScreen.storyboard; sourceTree = "<group>"; };
		02546D2929360E9200CBE304 /* Info.plist */ = {isa = PBXFileReference; lastKnownFileType = text.plist.xml; path = Info.plist; sourceTree = "<group>"; };
		02546D2F29360F0900CBE304 /* Structs.swift */ = {isa = PBXFileReference; lastKnownFileType = sourcecode.swift; path = Structs.swift; sourceTree = "<group>"; };
		02546D3129360FE300CBE304 /* Model.swift */ = {isa = PBXFileReference; lastKnownFileType = sourcecode.swift; path = Model.swift; sourceTree = "<group>"; };
/* End PBXFileReference section */

/* Begin PBXFrameworksBuildPhase section */
		02546D1529360E9000CBE304 /* Frameworks */ = {
			isa = PBXFrameworksBuildPhase;
			buildActionMask = 2147483647;
			files = (
				02546D35293618D400CBE304 /* SDWebImage in Frameworks */,
			);
			runOnlyForDeploymentPostprocessing = 0;
		};
/* End PBXFrameworksBuildPhase section */

/* Begin PBXGroup section */
		02546D0F29360E9000CBE304 = {
			isa = PBXGroup;
			children = (
				02546D1A29360E9000CBE304 /* HomeWork_API */,
				02546D1929360E9000CBE304 /* Products */,
			);
			sourceTree = "<group>";
		};
		02546D1929360E9000CBE304 /* Products */ = {
			isa = PBXGroup;
			children = (
				02546D1829360E9000CBE304 /* HomeWork_API.app */,
			);
			name = Products;
			sourceTree = "<group>";
		};
		02546D1A29360E9000CBE304 /* HomeWork_API */ = {
			isa = PBXGroup;
			children = (
				02546D1B29360E9000CBE304 /* AppDelegate.swift */,
				02546D1D29360E9000CBE304 /* SceneDelegate.swift */,
				02546D1F29360E9000CBE304 /* ViewController.swift */,
				02546D2F29360F0900CBE304 /* Structs.swift */,
				02546D3129360FE300CBE304 /* Model.swift */,
				02546D2129360E9000CBE304 /* Main.storyboard */,
				02546D2429360E9200CBE304 /* Assets.xcassets */,
				02546D2629360E9200CBE304 /* LaunchScreen.storyboard */,
				02546D2929360E9200CBE304 /* Info.plist */,
			);
			path = HomeWork_API;
			sourceTree = "<group>";
		};
/* End PBXGroup section */

/* Begin PBXNativeTarget section */
		02546D1729360E9000CBE304 /* HomeWork_API */ = {
			isa = PBXNativeTarget;
			buildConfigurationList = 02546D2C29360E9200CBE304 /* Build configuration list for PBXNativeTarget "HomeWork_API" */;
			buildPhases = (
				02546D1429360E9000CBE304 /* Sources */,
				02546D1529360E9000CBE304 /* Frameworks */,
				02546D1629360E9000CBE304 /* Resources */,
			);
			buildRules = (
			);
			dependencies = (
			);
			name = HomeWork_API;
			packageProductDependencies = (
				02546D34293618D400CBE304 /* SDWebImage */,
			);
			productName = HomeWork_API;
			productReference = 02546D1829360E9000CBE304 /* HomeWork_API.app */;
			productType = "com.apple.product-type.application";
		};
/* End PBXNativeTarget section */

/* Begin PBXProject section */
		02546D1029360E9000CBE304 /* Project object */ = {
			isa = PBXProject;
			attributes = {
				BuildIndependentTargetsInParallel = 1;
				LastSwiftUpdateCheck = 1400;
				LastUpgradeCheck = 1400;
				TargetAttributes = {
					02546D1729360E9000CBE304 = {
						CreatedOnToolsVersion = 14.0;
					};
				};
			};
			buildConfigurationList = 02546D1329360E9000CBE304 /* Build configuration list for PBXProject "HomeWork_API" */;
			compatibilityVersion = "Xcode 14.0";
			developmentRegion = en;
			hasScannedForEncodings = 0;
			knownRegions = (
				en,
				Base,
			);
			mainGroup = 02546D0F29360E9000CBE304;
			packageReferences = (
				02546D33293618D400CBE304 /* XCRemoteSwiftPackageReference "SDWebImage" */,
			);
			productRefGroup = 02546D1929360E9000CBE304 /* Products */;
			projectDirPath = "";
			projectRoot = "";
			targets = (
				02546D1729360E9000CBE304 /* HomeWork_API */,
			);
		};
/* End PBXProject section */

/* Begin PBXResourcesBuildPhase section */
		02546D1629360E9000CBE304 /* Resources */ = {
			isa = PBXResourcesBuildPhase;
			buildActionMask = 2147483647;
			files = (
				02546D2829360E9200CBE304 /* LaunchScreen.storyboard in Resources */,
				02546D2529360E9200CBE304 /* Assets.xcassets in Resources */,
				02546D2329360E9000CBE304 /* Main.storyboard in Resources */,
			);
			runOnlyForDeploymentPostprocessing = 0;
		};
/* End PBXResourcesBuildPhase section */

/* Begin PBXSourcesBuildPhase section */
		02546D1429360E9000CBE304 /* Sources */ = {
			isa = PBXSourcesBuildPhase;
			buildActionMask = 2147483647;
			files = (
				02546D3229360FE300CBE304 /* Model.swift in Sources */,
				02546D3029360F0900CBE304 /* Structs.swift in Sources */,
				02546D2029360E9000CBE304 /* ViewController.swift in Sources */,
				02546D1C29360E9000CBE304 /* AppDelegate.swift in Sources */,
				02546D1E29360E9000CBE304 /* SceneDelegate.swift in Sources */,
			);
			runOnlyForDeploymentPostprocessing = 0;
		};
/* End PBXSourcesBuildPhase section */

/* Begin PBXVariantGroup section */
		02546D2129360E9000CBE304 /* Main.storyboard */ = {
			isa = PBXVariantGroup;
			children = (
				02546D2229360E9000CBE304 /* Base */,
			);
			name = Main.storyboard;
			sourceTree = "<group>";
		};
		02546D2629360E9200CBE304 /* LaunchScreen.storyboard */ = {
			isa = PBXVariantGroup;
			children = (
				02546D2729360E9200CBE304 /* Base */,
			);
			name = LaunchScreen.storyboard;
			sourceTree = "<group>";
		};
/* End PBXVariantGroup section */

/* Begin XCBuildConfiguration section */
		02546D2A29360E9200CBE304 /* Debug */ = {
			isa = XCBuildConfiguration;
			buildSettings = {
				ALWAYS_SEARCH_USER_PATHS = NO;
				CLANG_ANALYZER_NONNULL = YES;
				CLANG_ANALYZER_NUMBER_OBJECT_CONVERSION = YES_AGGRESSIVE;
				CLANG_CXX_LANGUAGE_STANDARD = "gnu++20";
				CLANG_ENABLE_MODULES = YES;
				CLANG_ENABLE_OBJC_ARC = YES;
				CLANG_ENABLE_OBJC_WEAK = YES;
				CLANG_WARN_BLOCK_CAPTURE_AUTORELEASING = YES;
				CLANG_WARN_BOOL_CONVERSION = YES;
				CLANG_WARN_COMMA = YES;
				CLANG_WARN_CONSTANT_CONVERSION = YES;
				CLANG_WARN_DEPRECATED_OBJC_IMPLEMENTATIONS = YES;
				CLANG_WARN_DIRECT_OBJC_ISA_USAGE = YES_ERROR;
				CLANG_WARN_DOCUMENTATION_COMMENTS = YES;
				CLANG_WARN_EMPTY_BODY = YES;
				CLANG_WARN_ENUM_CONVERSION = YES;
				CLANG_WARN_INFINITE_RECURSION = YES;
				CLANG_WARN_INT_CONVERSION = YES;
				CLANG_WARN_NON_LITERAL_NULL_CONVERSION = YES;
				CLANG_WARN_OBJC_IMPLICIT_RETAIN_SELF = YES;
				CLANG_WARN_OBJC_LITERAL_CONVERSION = YES;
				CLANG_WARN_OBJC_ROOT_CLASS = YES_ERROR;
				CLANG_WARN_QUOTED_INCLUDE_IN_FRAMEWORK_HEADER = YES;
				CLANG_WARN_RANGE_LOOP_ANALYSIS = YES;
				CLANG_WARN_STRICT_PROTOTYPES = YES;
				CLANG_WARN_SUSPICIOUS_MOVE = YES;
				CLANG_WARN_UNGUARDED_AVAILABILITY = YES_AGGRESSIVE;
				CLANG_WARN_UNREACHABLE_CODE = YES;
				CLANG_WARN__DUPLICATE_METHOD_MATCH = YES;
				COPY_PHASE_STRIP = NO;
				DEBUG_INFORMATION_FORMAT = dwarf;
				ENABLE_STRICT_OBJC_MSGSEND = YES;
				ENABLE_TESTABILITY = YES;
				GCC_C_LANGUAGE_STANDARD = gnu11;
				GCC_DYNAMIC_NO_PIC = NO;
				GCC_NO_COMMON_BLOCKS = YES;
				GCC_OPTIMIZATION_LEVEL = 0;
				GCC_PREPROCESSOR_DEFINITIONS = (
					"DEBUG=1",
					"$(inherited)",
				);
				GCC_WARN_64_TO_32_BIT_CONVERSION = YES;
				GCC_WARN_ABOUT_RETURN_TYPE = YES_ERROR;
				GCC_WARN_UNDECLARED_SELECTOR = YES;
				GCC_WARN_UNINITIALIZED_AUTOS = YES_AGGRESSIVE;
				GCC_WARN_UNUSED_FUNCTION = YES;
				GCC_WARN_UNUSED_VARIABLE = YES;
				IPHONEOS_DEPLOYMENT_TARGET = 16.0;
				MTL_ENABLE_DEBUG_INFO = INCLUDE_SOURCE;
				MTL_FAST_MATH = YES;
				ONLY_ACTIVE_ARCH = YES;
				SDKROOT = iphoneos;
				SWIFT_ACTIVE_COMPILATION_CONDITIONS = DEBUG;
				SWIFT_OPTIMIZATION_LEVEL = "-Onone";
			};
			name = Debug;
		};
		02546D2B29360E9200CBE304 /* Release */ = {
			isa = XCBuildConfiguration;
			buildSettings = {
				ALWAYS_SEARCH_USER_PATHS = NO;
				CLANG_ANALYZER_NONNULL = YES;
				CLANG_ANALYZER_NUMBER_OBJECT_CONVERSION = YES_AGGRESSIVE;
				CLANG_CXX_LANGUAGE_STANDARD = "gnu++20";
				CLANG_ENABLE_MODULES = YES;
				CLANG_ENABLE_OBJC_ARC = YES;
				CLANG_ENABLE_OBJC_WEAK = YES;
				CLANG_WARN_BLOCK_CAPTURE_AUTORELEASING = YES;
				CLANG_WARN_BOOL_CONVERSION = YES;
				CLANG_WARN_COMMA = YES;
				CLANG_WARN_CONSTANT_CONVERSION = YES;
				CLANG_WARN_DEPRECATED_OBJC_IMPLEMENTATIONS = YES;
				CLANG_WARN_DIRECT_OBJC_ISA_USAGE = YES_ERROR;
				CLANG_WARN_DOCUMENTATION_COMMENTS = YES;
				CLANG_WARN_EMPTY_BODY = YES;
				CLANG_WARN_ENUM_CONVERSION = YES;
				CLANG_WARN_INFINITE_RECURSION = YES;
				CLANG_WARN_INT_CONVERSION = YES;
				CLANG_WARN_NON_LITERAL_NULL_CONVERSION = YES;
				CLANG_WARN_OBJC_IMPLICIT_RETAIN_SELF = YES;
				CLANG_WARN_OBJC_LITERAL_CONVERSION = YES;
				CLANG_WARN_OBJC_ROOT_CLASS = YES_ERROR;
				CLANG_WARN_QUOTED_INCLUDE_IN_FRAMEWORK_HEADER = YES;
				CLANG_WARN_RANGE_LOOP_ANALYSIS = YES;
				CLANG_WARN_STRICT_PROTOTYPES = YES;
				CLANG_WARN_SUSPICIOUS_MOVE = YES;
				CLANG_WARN_UNGUARDED_AVAILABILITY = YES_AGGRESSIVE;
				CLANG_WARN_UNREACHABLE_CODE = YES;
				CLANG_WARN__DUPLICATE_METHOD_MATCH = YES;
				COPY_PHASE_STRIP = NO;
				DEBUG_INFORMATION_FORMAT = "dwarf-with-dsym";
				ENABLE_NS_ASSERTIONS = NO;
				ENABLE_STRICT_OBJC_MSGSEND = YES;
				GCC_C_LANGUAGE_STANDARD = gnu11;
				GCC_NO_COMMON_BLOCKS = YES;
				GCC_WARN_64_TO_32_BIT_CONVERSION = YES;
				GCC_WARN_ABOUT_RETURN_TYPE = YES_ERROR;
				GCC_WARN_UNDECLARED_SELECTOR = YES;
				GCC_WARN_UNINITIALIZED_AUTOS = YES_AGGRESSIVE;
				GCC_WARN_UNUSED_FUNCTION = YES;
				GCC_WARN_UNUSED_VARIABLE = YES;
				IPHONEOS_DEPLOYMENT_TARGET = 16.0;
				MTL_ENABLE_DEBUG_INFO = NO;
				MTL_FAST_MATH = YES;
				SDKROOT = iphoneos;
				SWIFT_COMPILATION_MODE = wholemodule;
				SWIFT_OPTIMIZATION_LEVEL = "-O";
				VALIDATE_PRODUCT = YES;
			};
			name = Release;
		};
		02546D2D29360E9200CBE304 /* Debug */ = {
			isa = XCBuildConfiguration;
			buildSettings = {
				ASSETCATALOG_COMPILER_APPICON_NAME = AppIcon;
				ASSETCATALOG_COMPILER_GLOBAL_ACCENT_COLOR_NAME = AccentColor;
				CODE_SIGN_STYLE = Automatic;
				CURRENT_PROJECT_VERSION = 1;
				GENERATE_INFOPLIST_FILE = YES;
				INFOPLIST_FILE = HomeWork_API/Info.plist;
				INFOPLIST_KEY_UIApplicationSupportsIndirectInputEvents = YES;
				INFOPLIST_KEY_UILaunchStoryboardName = LaunchScreen;
				INFOPLIST_KEY_UIMainStoryboardFile = Main;
				INFOPLIST_KEY_UISupportedInterfaceOrientations_iPad = "UIInterfaceOrientationPortrait UIInterfaceOrientationPortraitUpsideDown UIInterfaceOrientationLandscapeLeft UIInterfaceOrientationLandscapeRight";
				INFOPLIST_KEY_UISupportedInterfaceOrientations_iPhone = "UIInterfaceOrientationPortrait UIInterfaceOrientationLandscapeLeft UIInterfaceOrientationLandscapeRight";
				LD_RUNPATH_SEARCH_PATHS = (
					"$(inherited)",
					"@executable_path/Frameworks",
				);
				MARKETING_VERSION = 1.0;
				PRODUCT_BUNDLE_IDENTIFIER = "kk.HomeWork-API";
				PRODUCT_NAME = "$(TARGET_NAME)";
				SWIFT_EMIT_LOC_STRINGS = YES;
				SWIFT_VERSION = 5.0;
				TARGETED_DEVICE_FAMILY = "1,2";
			};
			name = Debug;
		};
		02546D2E29360E9200CBE304 /* Release */ = {
			isa = XCBuildConfiguration;
			buildSettings = {
				ASSETCATALOG_COMPILER_APPICON_NAME = AppIcon;
				ASSETCATALOG_COMPILER_GLOBAL_ACCENT_COLOR_NAME = AccentColor;
				CODE_SIGN_STYLE = Automatic;
				CURRENT_PROJECT_VERSION = 1;
				GENERATE_INFOPLIST_FILE = YES;
				INFOPLIST_FILE = HomeWork_API/Info.plist;
				INFOPLIST_KEY_UIApplicationSupportsIndirectInputEvents = YES;
				INFOPLIST_KEY_UILaunchStoryboardName = LaunchScreen;
				INFOPLIST_KEY_UIMainStoryboardFile = Main;
				INFOPLIST_KEY_UISupportedInterfaceOrientations_iPad = "UIInterfaceOrientationPortrait UIInterfaceOrientationPortraitUpsideDown UIInterfaceOrientationLandscapeLeft UIInterfaceOrientationLandscapeRight";
				INFOPLIST_KEY_UISupportedInterfaceOrientations_iPhone = "UIInterfaceOrientationPortrait UIInterfaceOrientationLandscapeLeft UIInterfaceOrientationLandscapeRight";
				LD_RUNPATH_SEARCH_PATHS = (
					"$(inherited)",
					"@executable_path/Frameworks",
				);
				MARKETING_VERSION = 1.0;
				PRODUCT_BUNDLE_IDENTIFIER = "kk.HomeWork-API";
				PRODUCT_NAME = "$(TARGET_NAME)";
				SWIFT_EMIT_LOC_STRINGS = YES;
				SWIFT_VERSION = 5.0;
				TARGETED_DEVICE_FAMILY = "1,2";
			};
			name = Release;
		};
/* End XCBuildConfiguration section */

/* Begin XCConfigurationList section */
		02546D1329360E9000CBE304 /* Build configuration list for PBXProject "HomeWork_API" */ = {
			isa = XCConfigurationList;
			buildConfigurations = (
				02546D2A29360E9200CBE304 /* Debug */,
				02546D2B29360E9200CBE304 /* Release */,
			);
			defaultConfigurationIsVisible = 0;
			defaultConfigurationName = Release;
		};
		02546D2C29360E9200CBE304 /* Build configuration list for PBXNativeTarget "HomeWork_API" */ = {
			isa = XCConfigurationList;
			buildConfigurations = (
				02546D2D29360E9200CBE304 /* Debug */,
				02546D2E29360E9200CBE304 /* Release */,
			);
			defaultConfigurationIsVisible = 0;
			defaultConfigurationName = Release;
		};
/* End XCConfigurationList section */

/* Begin XCRemoteSwiftPackageReference section */
		02546D33293618D400CBE304 /* XCRemoteSwiftPackageReference "SDWebImage" */ = {
			isa = XCRemoteSwiftPackageReference;
			repositoryURL = "https://github.com/SDWebImage/SDWebImage";
			requirement = {
				branch = master;
				kind = branch;
			};
		};
/* End XCRemoteSwiftPackageReference section */

/* Begin XCSwiftPackageProductDependency section */
		02546D34293618D400CBE304 /* SDWebImage */ = {
			isa = XCSwiftPackageProductDependency;
			package = 02546D33293618D400CBE304 /* XCRemoteSwiftPackageReference "SDWebImage" */;
			productName = SDWebImage;
		};
/* End XCSwiftPackageProductDependency section */
	};
	rootObject = 02546D1029360E9000CBE304 /* Project object */;
}
