// !$*UTF8*$!
{
	archiveVersion = 1;
	classes = {
	};
	objectVersion = 56;
	objects = {

/* Begin PBXBuildFile section */
		02DE8D9A293F853600307683 /* AppDelegate.swift in Sources */ = {isa = PBXBuildFile; fileRef = 02DE8D99293F853600307683 /* AppDelegate.swift */; };
		02DE8D9C293F853600307683 /* SceneDelegate.swift in Sources */ = {isa = PBXBuildFile; fileRef = 02DE8D9B293F853600307683 /* SceneDelegate.swift */; };
		02DE8D9E293F853600307683 /* ViewController.swift in Sources */ = {isa = PBXBuildFile; fileRef = 02DE8D9D293F853600307683 /* ViewController.swift */; };
		02DE8DA3293F853800307683 /* Assets.xcassets in Resources */ = {isa = PBXBuildFile; fileRef = 02DE8DA2293F853800307683 /* Assets.xcassets */; };
		02DE8DA6293F853800307683 /* LaunchScreen.storyboard in Resources */ = {isa = PBXBuildFile; fileRef = 02DE8DA4293F853800307683 /* LaunchScreen.storyboard */; };
		02DE8DB7293F8B6900307683 /* Localizable.strings in Resources */ = {isa = PBXBuildFile; fileRef = 02DE8DB9293F8B6900307683 /* Localizable.strings */; };
		02DE8DBD293F8BE100307683 /* Extension+String.swift in Sources */ = {isa = PBXBuildFile; fileRef = 02DE8DBC293F8BE100307683 /* Extension+String.swift */; };
		02DE8DBF293F983100307683 /* UserInterfaceStyleManager.swift in Sources */ = {isa = PBXBuildFile; fileRef = 02DE8DBE293F983100307683 /* UserInterfaceStyleManager.swift */; };
		02DE8DC1293F988500307683 /* UserInterfaceStyleObserver.swift in Sources */ = {isa = PBXBuildFile; fileRef = 02DE8DC0293F988500307683 /* UserInterfaceStyleObserver.swift */; };
		02DE8DC3293F98C000307683 /* WeakStyleObserver.swift in Sources */ = {isa = PBXBuildFile; fileRef = 02DE8DC2293F98C000307683 /* WeakStyleObserver.swift */; };
		02DE8DC5293F9A8100307683 /* Helper.swift in Sources */ = {isa = PBXBuildFile; fileRef = 02DE8DC4293F9A8100307683 /* Helper.swift */; };
/* End PBXBuildFile section */

/* Begin PBXFileReference section */
		02DE8D96293F853600307683 /* Первое задание.app */ = {isa = PBXFileReference; explicitFileType = wrapper.application; includeInIndex = 0; path = "Первое задание.app"; sourceTree = BUILT_PRODUCTS_DIR; };
		02DE8D99293F853600307683 /* AppDelegate.swift */ = {isa = PBXFileReference; lastKnownFileType = sourcecode.swift; path = AppDelegate.swift; sourceTree = "<group>"; };
		02DE8D9B293F853600307683 /* SceneDelegate.swift */ = {isa = PBXFileReference; lastKnownFileType = sourcecode.swift; path = SceneDelegate.swift; sourceTree = "<group>"; };
		02DE8D9D293F853600307683 /* ViewController.swift */ = {isa = PBXFileReference; lastKnownFileType = sourcecode.swift; path = ViewController.swift; sourceTree = "<group>"; };
		02DE8DA2293F853800307683 /* Assets.xcassets */ = {isa = PBXFileReference; lastKnownFileType = folder.assetcatalog; path = Assets.xcassets; sourceTree = "<group>"; };
		02DE8DA5293F853800307683 /* Base */ = {isa = PBXFileReference; lastKnownFileType = file.storyboard; name = Base; path = Base.lproj/LaunchScreen.storyboard; sourceTree = "<group>"; };
		02DE8DA7293F853800307683 /* Info.plist */ = {isa = PBXFileReference; lastKnownFileType = text.plist.xml; path = Info.plist; sourceTree = "<group>"; };
		02DE8DAF293F8A8E00307683 /* ru */ = {isa = PBXFileReference; lastKnownFileType = text.plist.strings; name = ru; path = ru.lproj/LaunchScreen.strings; sourceTree = "<group>"; };
		02DE8DB0293F8AAA00307683 /* be */ = {isa = PBXFileReference; lastKnownFileType = text.plist.strings; name = be; path = be.lproj/LaunchScreen.strings; sourceTree = "<group>"; };
		02DE8DB4293F8B2B00307683 /* en */ = {isa = PBXFileReference; lastKnownFileType = text.plist.strings; name = en; path = en.lproj/LaunchScreen.strings; sourceTree = "<group>"; };
		02DE8DB8293F8B6900307683 /* en */ = {isa = PBXFileReference; lastKnownFileType = text.plist.strings; name = en; path = en.lproj/Localizable.strings; sourceTree = "<group>"; };
		02DE8DBA293F8B6E00307683 /* be */ = {isa = PBXFileReference; lastKnownFileType = text.plist.strings; name = be; path = be.lproj/Localizable.strings; sourceTree = "<group>"; };
		02DE8DBB293F8B6F00307683 /* ru */ = {isa = PBXFileReference; lastKnownFileType = text.plist.strings; name = ru; path = ru.lproj/Localizable.strings; sourceTree = "<group>"; };
		02DE8DBC293F8BE100307683 /* Extension+String.swift */ = {isa = PBXFileReference; lastKnownFileType = sourcecode.swift; path = "Extension+String.swift"; sourceTree = "<group>"; };
		02DE8DBE293F983100307683 /* UserInterfaceStyleManager.swift */ = {isa = PBXFileReference; lastKnownFileType = sourcecode.swift; path = UserInterfaceStyleManager.swift; sourceTree = "<group>"; };
		02DE8DC0293F988500307683 /* UserInterfaceStyleObserver.swift */ = {isa = PBXFileReference; lastKnownFileType = sourcecode.swift; path = UserInterfaceStyleObserver.swift; sourceTree = "<group>"; };
		02DE8DC2293F98C000307683 /* WeakStyleObserver.swift */ = {isa = PBXFileReference; lastKnownFileType = sourcecode.swift; path = WeakStyleObserver.swift; sourceTree = "<group>"; };
		02DE8DC4293F9A8100307683 /* Helper.swift */ = {isa = PBXFileReference; lastKnownFileType = sourcecode.swift; path = Helper.swift; sourceTree = "<group>"; };
/* End PBXFileReference section */

/* Begin PBXFrameworksBuildPhase section */
		02DE8D93293F853600307683 /* Frameworks */ = {
			isa = PBXFrameworksBuildPhase;
			buildActionMask = 2147483647;
			files = (
			);
			runOnlyForDeploymentPostprocessing = 0;
		};
/* End PBXFrameworksBuildPhase section */

/* Begin PBXGroup section */
		02DE8D8D293F853600307683 = {
			isa = PBXGroup;
			children = (
				02DE8D98293F853600307683 /* Первое задание */,
				02DE8D97293F853600307683 /* Products */,
			);
			sourceTree = "<group>";
		};
		02DE8D97293F853600307683 /* Products */ = {
			isa = PBXGroup;
			children = (
				02DE8D96293F853600307683 /* Первое задание.app */,
			);
			name = Products;
			sourceTree = "<group>";
		};
		02DE8D98293F853600307683 /* Первое задание */ = {
			isa = PBXGroup;
			children = (
				02DE8D99293F853600307683 /* AppDelegate.swift */,
				02DE8D9B293F853600307683 /* SceneDelegate.swift */,
				02DE8DB9293F8B6900307683 /* Localizable.strings */,
				02DE8D9D293F853600307683 /* ViewController.swift */,
				02DE8DC4293F9A8100307683 /* Helper.swift */,
				02DE8DBE293F983100307683 /* UserInterfaceStyleManager.swift */,
				02DE8DC0293F988500307683 /* UserInterfaceStyleObserver.swift */,
				02DE8DC2293F98C000307683 /* WeakStyleObserver.swift */,
				02DE8DBC293F8BE100307683 /* Extension+String.swift */,
				02DE8DA2293F853800307683 /* Assets.xcassets */,
				02DE8DA4293F853800307683 /* LaunchScreen.storyboard */,
				02DE8DA7293F853800307683 /* Info.plist */,
			);
			path = "Первое задание";
			sourceTree = "<group>";
		};
/* End PBXGroup section */

/* Begin PBXNativeTarget section */
		02DE8D95293F853600307683 /* Первое задание */ = {
			isa = PBXNativeTarget;
			buildConfigurationList = 02DE8DAA293F853800307683 /* Build configuration list for PBXNativeTarget "Первое задание" */;
			buildPhases = (
				02DE8D92293F853600307683 /* Sources */,
				02DE8D93293F853600307683 /* Frameworks */,
				02DE8D94293F853600307683 /* Resources */,
			);
			buildRules = (
			);
			dependencies = (
			);
			name = "Первое задание";
			productName = "Первое задание";
			productReference = 02DE8D96293F853600307683 /* Первое задание.app */;
			productType = "com.apple.product-type.application";
		};
/* End PBXNativeTarget section */

/* Begin PBXProject section */
		02DE8D8E293F853600307683 /* Project object */ = {
			isa = PBXProject;
			attributes = {
				BuildIndependentTargetsInParallel = 1;
				LastSwiftUpdateCheck = 1400;
				LastUpgradeCheck = 1400;
				TargetAttributes = {
					02DE8D95293F853600307683 = {
						CreatedOnToolsVersion = 14.0;
					};
				};
			};
			buildConfigurationList = 02DE8D91293F853600307683 /* Build configuration list for PBXProject "Первое задание" */;
			compatibilityVersion = "Xcode 14.0";
			developmentRegion = en;
			hasScannedForEncodings = 0;
			knownRegions = (
				en,
				Base,
				ru,
				be,
			);
			mainGroup = 02DE8D8D293F853600307683;
			productRefGroup = 02DE8D97293F853600307683 /* Products */;
			projectDirPath = "";
			projectRoot = "";
			targets = (
				02DE8D95293F853600307683 /* Первое задание */,
			);
		};
/* End PBXProject section */

/* Begin PBXResourcesBuildPhase section */
		02DE8D94293F853600307683 /* Resources */ = {
			isa = PBXResourcesBuildPhase;
			buildActionMask = 2147483647;
			files = (
				02DE8DA6293F853800307683 /* LaunchScreen.storyboard in Resources */,
				02DE8DB7293F8B6900307683 /* Localizable.strings in Resources */,
				02DE8DA3293F853800307683 /* Assets.xcassets in Resources */,
			);
			runOnlyForDeploymentPostprocessing = 0;
		};
/* End PBXResourcesBuildPhase section */

/* Begin PBXSourcesBuildPhase section */
		02DE8D92293F853600307683 /* Sources */ = {
			isa = PBXSourcesBuildPhase;
			buildActionMask = 2147483647;
			files = (
				02DE8DC1293F988500307683 /* UserInterfaceStyleObserver.swift in Sources */,
				02DE8DBD293F8BE100307683 /* Extension+String.swift in Sources */,
				02DE8D9E293F853600307683 /* ViewController.swift in Sources */,
				02DE8D9A293F853600307683 /* AppDelegate.swift in Sources */,
				02DE8DBF293F983100307683 /* UserInterfaceStyleManager.swift in Sources */,
				02DE8D9C293F853600307683 /* SceneDelegate.swift in Sources */,
				02DE8DC3293F98C000307683 /* WeakStyleObserver.swift in Sources */,
				02DE8DC5293F9A8100307683 /* Helper.swift in Sources */,
			);
			runOnlyForDeploymentPostprocessing = 0;
		};
/* End PBXSourcesBuildPhase section */

/* Begin PBXVariantGroup section */
		02DE8DA4293F853800307683 /* LaunchScreen.storyboard */ = {
			isa = PBXVariantGroup;
			children = (
				02DE8DA5293F853800307683 /* Base */,
				02DE8DAF293F8A8E00307683 /* ru */,
				02DE8DB0293F8AAA00307683 /* be */,
				02DE8DB4293F8B2B00307683 /* en */,
			);
			name = LaunchScreen.storyboard;
			sourceTree = "<group>";
		};
		02DE8DB9293F8B6900307683 /* Localizable.strings */ = {
			isa = PBXVariantGroup;
			children = (
				02DE8DB8293F8B6900307683 /* en */,
				02DE8DBA293F8B6E00307683 /* be */,
				02DE8DBB293F8B6F00307683 /* ru */,
			);
			name = Localizable.strings;
			sourceTree = "<group>";
		};
/* End PBXVariantGroup section */

/* Begin XCBuildConfiguration section */
		02DE8DA8293F853800307683 /* Debug */ = {
			isa = XCBuildConfiguration;
			buildSettings = {
				ALWAYS_SEARCH_USER_PATHS = NO;
				CLANG_ANALYZER_LOCALIZABILITY_NONLOCALIZED = YES;
				CLANG_ANALYZER_NONNULL = YES;
				CLANG_ANALYZER_NUMBER_OBJECT_CONVERSION = YES_AGGRESSIVE;
				CLANG_CXX_LANGUAGE_STANDARD = "gnu++20";
				CLANG_ENABLE_MODULES = YES;
				CLANG_ENABLE_OBJC_ARC = YES;
				CLANG_ENABLE_OBJC_WEAK = YES;
				CLANG_WARN_BLOCK_CAPTURE_AUTORELEASING = YES;
				CLANG_WARN_BOOL_CONVERSION = YES;
				CLANG_WARN_COMMA = YES;
				CLANG_WARN_CONSTANT_CONVERSION = YES;
				CLANG_WARN_DEPRECATED_OBJC_IMPLEMENTATIONS = YES;
				CLANG_WARN_DIRECT_OBJC_ISA_USAGE = YES_ERROR;
				CLANG_WARN_DOCUMENTATION_COMMENTS = YES;
				CLANG_WARN_EMPTY_BODY = YES;
				CLANG_WARN_ENUM_CONVERSION = YES;
				CLANG_WARN_INFINITE_RECURSION = YES;
				CLANG_WARN_INT_CONVERSION = YES;
				CLANG_WARN_NON_LITERAL_NULL_CONVERSION = YES;
				CLANG_WARN_OBJC_IMPLICIT_RETAIN_SELF = YES;
				CLANG_WARN_OBJC_LITERAL_CONVERSION = YES;
				CLANG_WARN_OBJC_ROOT_CLASS = YES_ERROR;
				CLANG_WARN_QUOTED_INCLUDE_IN_FRAMEWORK_HEADER = YES;
				CLANG_WARN_RANGE_LOOP_ANALYSIS = YES;
				CLANG_WARN_STRICT_PROTOTYPES = YES;
				CLANG_WARN_SUSPICIOUS_MOVE = YES;
				CLANG_WARN_UNGUARDED_AVAILABILITY = YES_AGGRESSIVE;
				CLANG_WARN_UNREACHABLE_CODE = YES;
				CLANG_WARN__DUPLICATE_METHOD_MATCH = YES;
				COPY_PHASE_STRIP = NO;
				DEBUG_INFORMATION_FORMAT = dwarf;
				ENABLE_STRICT_OBJC_MSGSEND = YES;
				ENABLE_TESTABILITY = YES;
				GCC_C_LANGUAGE_STANDARD = gnu11;
				GCC_DYNAMIC_NO_PIC = NO;
				GCC_NO_COMMON_BLOCKS = YES;
				GCC_OPTIMIZATION_LEVEL = 0;
				GCC_PREPROCESSOR_DEFINITIONS = (
					"DEBUG=1",
					"$(inherited)",
				);
				GCC_WARN_64_TO_32_BIT_CONVERSION = YES;
				GCC_WARN_ABOUT_RETURN_TYPE = YES_ERROR;
				GCC_WARN_UNDECLARED_SELECTOR = YES;
				GCC_WARN_UNINITIALIZED_AUTOS = YES_AGGRESSIVE;
				GCC_WARN_UNUSED_FUNCTION = YES;
				GCC_WARN_UNUSED_VARIABLE = YES;
				IPHONEOS_DEPLOYMENT_TARGET = 16.0;
				MTL_ENABLE_DEBUG_INFO = INCLUDE_SOURCE;
				MTL_FAST_MATH = YES;
				ONLY_ACTIVE_ARCH = YES;
				SDKROOT = iphoneos;
				SWIFT_ACTIVE_COMPILATION_CONDITIONS = DEBUG;
				SWIFT_OPTIMIZATION_LEVEL = "-Onone";
			};
			name = Debug;
		};
		02DE8DA9293F853800307683 /* Release */ = {
			isa = XCBuildConfiguration;
			buildSettings = {
				ALWAYS_SEARCH_USER_PATHS = NO;
				CLANG_ANALYZER_LOCALIZABILITY_NONLOCALIZED = YES;
				CLANG_ANALYZER_NONNULL = YES;
				CLANG_ANALYZER_NUMBER_OBJECT_CONVERSION = YES_AGGRESSIVE;
				CLANG_CXX_LANGUAGE_STANDARD = "gnu++20";
				CLANG_ENABLE_MODULES = YES;
				CLANG_ENABLE_OBJC_ARC = YES;
				CLANG_ENABLE_OBJC_WEAK = YES;
				CLANG_WARN_BLOCK_CAPTURE_AUTORELEASING = YES;
				CLANG_WARN_BOOL_CONVERSION = YES;
				CLANG_WARN_COMMA = YES;
				CLANG_WARN_CONSTANT_CONVERSION = YES;
				CLANG_WARN_DEPRECATED_OBJC_IMPLEMENTATIONS = YES;
				CLANG_WARN_DIRECT_OBJC_ISA_USAGE = YES_ERROR;
				CLANG_WARN_DOCUMENTATION_COMMENTS = YES;
				CLANG_WARN_EMPTY_BODY = YES;
				CLANG_WARN_ENUM_CONVERSION = YES;
				CLANG_WARN_INFINITE_RECURSION = YES;
				CLANG_WARN_INT_CONVERSION = YES;
				CLANG_WARN_NON_LITERAL_NULL_CONVERSION = YES;
				CLANG_WARN_OBJC_IMPLICIT_RETAIN_SELF = YES;
				CLANG_WARN_OBJC_LITERAL_CONVERSION = YES;
				CLANG_WARN_OBJC_ROOT_CLASS = YES_ERROR;
				CLANG_WARN_QUOTED_INCLUDE_IN_FRAMEWORK_HEADER = YES;
				CLANG_WARN_RANGE_LOOP_ANALYSIS = YES;
				CLANG_WARN_STRICT_PROTOTYPES = YES;
				CLANG_WARN_SUSPICIOUS_MOVE = YES;
				CLANG_WARN_UNGUARDED_AVAILABILITY = YES_AGGRESSIVE;
				CLANG_WARN_UNREACHABLE_CODE = YES;
				CLANG_WARN__DUPLICATE_METHOD_MATCH = YES;
				COPY_PHASE_STRIP = NO;
				DEBUG_INFORMATION_FORMAT = "dwarf-with-dsym";
				ENABLE_NS_ASSERTIONS = NO;
				ENABLE_STRICT_OBJC_MSGSEND = YES;
				GCC_C_LANGUAGE_STANDARD = gnu11;
				GCC_NO_COMMON_BLOCKS = YES;
				GCC_WARN_64_TO_32_BIT_CONVERSION = YES;
				GCC_WARN_ABOUT_RETURN_TYPE = YES_ERROR;
				GCC_WARN_UNDECLARED_SELECTOR = YES;
				GCC_WARN_UNINITIALIZED_AUTOS = YES_AGGRESSIVE;
				GCC_WARN_UNUSED_FUNCTION = YES;
				GCC_WARN_UNUSED_VARIABLE = YES;
				IPHONEOS_DEPLOYMENT_TARGET = 16.0;
				MTL_ENABLE_DEBUG_INFO = NO;
				MTL_FAST_MATH = YES;
				SDKROOT = iphoneos;
				SWIFT_COMPILATION_MODE = wholemodule;
				SWIFT_OPTIMIZATION_LEVEL = "-O";
				VALIDATE_PRODUCT = YES;
			};
			name = Release;
		};
		02DE8DAB293F853800307683 /* Debug */ = {
			isa = XCBuildConfiguration;
			buildSettings = {
				ASSETCATALOG_COMPILER_APPICON_NAME = AppIcon;
				ASSETCATALOG_COMPILER_GLOBAL_ACCENT_COLOR_NAME = AccentColor;
				CODE_SIGN_STYLE = Automatic;
				CURRENT_PROJECT_VERSION = 1;
				GENERATE_INFOPLIST_FILE = YES;
				INFOPLIST_FILE = "Первое задание/Info.plist";
				INFOPLIST_KEY_UIApplicationSupportsIndirectInputEvents = YES;
				INFOPLIST_KEY_UILaunchStoryboardName = LaunchScreen;
				INFOPLIST_KEY_UISupportedInterfaceOrientations_iPad = "UIInterfaceOrientationPortrait UIInterfaceOrientationPortraitUpsideDown UIInterfaceOrientationLandscapeLeft UIInterfaceOrientationLandscapeRight";
				INFOPLIST_KEY_UISupportedInterfaceOrientations_iPhone = "UIInterfaceOrientationPortrait UIInterfaceOrientationLandscapeLeft UIInterfaceOrientationLandscapeRight";
				LD_RUNPATH_SEARCH_PATHS = (
					"$(inherited)",
					"@executable_path/Frameworks",
				);
				MARKETING_VERSION = 1.0;
				PRODUCT_BUNDLE_IDENTIFIER = "clevertec.kovaleva.--------------";
				PRODUCT_NAME = "$(TARGET_NAME)";
				SWIFT_EMIT_LOC_STRINGS = YES;
				SWIFT_VERSION = 5.0;
				TARGETED_DEVICE_FAMILY = "1,2";
			};
			name = Debug;
		};
		02DE8DAC293F853800307683 /* Release */ = {
			isa = XCBuildConfiguration;
			buildSettings = {
				ASSETCATALOG_COMPILER_APPICON_NAME = AppIcon;
				ASSETCATALOG_COMPILER_GLOBAL_ACCENT_COLOR_NAME = AccentColor;
				CODE_SIGN_STYLE = Automatic;
				CURRENT_PROJECT_VERSION = 1;
				GENERATE_INFOPLIST_FILE = YES;
				INFOPLIST_FILE = "Первое задание/Info.plist";
				INFOPLIST_KEY_UIApplicationSupportsIndirectInputEvents = YES;
				INFOPLIST_KEY_UILaunchStoryboardName = LaunchScreen;
				INFOPLIST_KEY_UISupportedInterfaceOrientations_iPad = "UIInterfaceOrientationPortrait UIInterfaceOrientationPortraitUpsideDown UIInterfaceOrientationLandscapeLeft UIInterfaceOrientationLandscapeRight";
				INFOPLIST_KEY_UISupportedInterfaceOrientations_iPhone = "UIInterfaceOrientationPortrait UIInterfaceOrientationLandscapeLeft UIInterfaceOrientationLandscapeRight";
				LD_RUNPATH_SEARCH_PATHS = (
					"$(inherited)",
					"@executable_path/Frameworks",
				);
				MARKETING_VERSION = 1.0;
				PRODUCT_BUNDLE_IDENTIFIER = "clevertec.kovaleva.--------------";
				PRODUCT_NAME = "$(TARGET_NAME)";
				SWIFT_EMIT_LOC_STRINGS = YES;
				SWIFT_VERSION = 5.0;
				TARGETED_DEVICE_FAMILY = "1,2";
			};
			name = Release;
		};
/* End XCBuildConfiguration section */

/* Begin XCConfigurationList section */
		02DE8D91293F853600307683 /* Build configuration list for PBXProject "Первое задание" */ = {
			isa = XCConfigurationList;
			buildConfigurations = (
				02DE8DA8293F853800307683 /* Debug */,
				02DE8DA9293F853800307683 /* Release */,
			);
			defaultConfigurationIsVisible = 0;
			defaultConfigurationName = Release;
		};
		02DE8DAA293F853800307683 /* Build configuration list for PBXNativeTarget "Первое задание" */ = {
			isa = XCConfigurationList;
			buildConfigurations = (
				02DE8DAB293F853800307683 /* Debug */,
				02DE8DAC293F853800307683 /* Release */,
			);
			defaultConfigurationIsVisible = 0;
			defaultConfigurationName = Release;
		};
/* End XCConfigurationList section */
	};
	rootObject = 02DE8D8E293F853600307683 /* Project object */;
}
